# @generated - this file is auto-generated by `mise lock` https://mise.jdx.dev/dev-tools/mise-lock.html

lockfile_version = 3

[[tools.actionlint]]
version = "1.17.0"
backend = "github:kjanat/actionlint"
specifiers = ["1.17"]

[tools.actionlint."platforms.linux-arm64"]
checksum = "sha256:9be067d6b6e2f455fd0144850520b4b1114a0a792ca6e003302c939792589345"
url = "https://github.com/kjanat/actionlint/releases/download/v1.17.0/actionlint_1.17.0_linux_arm64.tar.gz"
url_api = "https://api.github.com/repos/kjanat/actionlint/releases/assets/561506359"
provenance = "github-attestations"

[tools.actionlint."platforms.linux-arm64-musl"]
checksum = "sha256:9be067d6b6e2f455fd0144850520b4b1114a0a792ca6e003302c939792589345"
url = "https://github.com/kjanat/actionlint/releases/download/v1.17.0/actionlint_1.17.0_linux_arm64.tar.gz"
url_api = "https://api.github.com/repos/kjanat/actionlint/releases/assets/561506359"
provenance = "github-attestations"

[tools.actionlint."platforms.linux-x64"]
checksum = "sha256:620abd485a12b6ab1125b844a876414e1d5bd2af8a3125b27f82b01d0d9d6e5a"
url = "https://github.com/kjanat/actionlint/releases/download/v1.17.0/actionlint_1.17.0_linux_amd64.tar.gz"
url_api = "https://api.github.com/repos/kjanat/actionlint/releases/assets/561506357"
provenance = "github-attestations"

[tools.actionlint."platforms.linux-x64-musl"]
checksum = "sha256:620abd485a12b6ab1125b844a876414e1d5bd2af8a3125b27f82b01d0d9d6e5a"
url = "https://github.com/kjanat/actionlint/releases/download/v1.17.0/actionlint_1.17.0_linux_amd64.tar.gz"
url_api = "https://api.github.com/repos/kjanat/actionlint/releases/assets/561506357"
provenance = "github-attestations"

[tools.actionlint."platforms.macos-arm64"]
checksum = "sha256:f123b7ad57a0fe376dcc85e81b7e04e85eb39219184803fc25f989b255f569b4"
url = "https://github.com/kjanat/actionlint/releases/download/v1.17.0/actionlint_1.17.0_darwin_arm64.tar.gz"
url_api = "https://api.github.com/repos/kjanat/actionlint/releases/assets/561506341"
provenance = "github-attestations"

[tools.actionlint."platforms.macos-x64"]
checksum = "sha256:e5fa505c0236666f2b1f36a2852db5fad6e186e9125babee017538a4049e3afb"
url = "https://github.com/kjanat/actionlint/releases/download/v1.17.0/actionlint_1.17.0_darwin_amd64.tar.gz"
url_api = "https://api.github.com/repos/kjanat/actionlint/releases/assets/561506337"
provenance = "github-attestations"

[tools.actionlint."platforms.windows-x64"]
checksum = "sha256:503a7649a97c5afb07aa51703b94066c9f63b5eabc25c55a6860eabd5298d559"
url = "https://github.com/kjanat/actionlint/releases/download/v1.17.0/actionlint_1.17.0_windows_amd64.zip"
url_api = "https://api.github.com/repos/kjanat/actionlint/releases/assets/561506379"
provenance = "github-attestations"

[[tools.cargo-about]]
version = "0.9.2"
backend = "github:EmbarkStudios/cargo-about"
specifiers = ["0.9.2"]

[tools.cargo-about."platforms.linux-arm64"]
checksum = "sha256:af5169282fb6f84e13471493f405437e43ac517744c9ae12fbe2cdf0a6f0e5a8"
url = "https://github.com/EmbarkStudios/cargo-about/releases/download/0.9.2/cargo-about-0.9.2-aarch64-unknown-linux-musl.tar.gz"
url_api = "https://api.github.com/repos/EmbarkStudios/cargo-about/releases/assets/519590290"

[tools.cargo-about."platforms.linux-arm64-musl"]
checksum = "sha256:af5169282fb6f84e13471493f405437e43ac517744c9ae12fbe2cdf0a6f0e5a8"
url = "https://github.com/EmbarkStudios/cargo-about/releases/download/0.9.2/cargo-about-0.9.2-aarch64-unknown-linux-musl.tar.gz"
url_api = "https://api.github.com/repos/EmbarkStudios/cargo-about/releases/assets/519590290"

[tools.cargo-about."platforms.linux-x64"]
checksum = "sha256:9099a59e820c38a68b9d65f300662a567d56562f9a10f6aa4c7e86c17c2566af"
url = "https://github.com/EmbarkStudios/cargo-about/releases/download/0.9.2/cargo-about-0.9.2-x86_64-unknown-linux-musl.tar.gz"
url_api = "https://api.github.com/repos/EmbarkStudios/cargo-about/releases/assets/519590057"

[tools.cargo-about."platforms.linux-x64-musl"]
checksum = "sha256:9099a59e820c38a68b9d65f300662a567d56562f9a10f6aa4c7e86c17c2566af"
url = "https://github.com/EmbarkStudios/cargo-about/releases/download/0.9.2/cargo-about-0.9.2-x86_64-unknown-linux-musl.tar.gz"
url_api = "https://api.github.com/repos/EmbarkStudios/cargo-about/releases/assets/519590057"

[tools.cargo-about."platforms.macos-arm64"]
checksum = "sha256:ae72f0df0c399a1e96336f696fa55b1b28679fd725632eba8cf8e4568467cc3e"
url = "https://github.com/EmbarkStudios/cargo-about/releases/download/0.9.2/cargo-about-0.9.2-aarch64-apple-darwin.tar.gz"
url_api = "https://api.github.com/repos/EmbarkStudios/cargo-about/releases/assets/519589772"

[tools.cargo-about."platforms.windows-x64"]
checksum = "sha256:1c03e5890238562497c2d89a3b75b02560af349c1fc3e713d3284f532a5cd748"
url = "https://github.com/EmbarkStudios/cargo-about/releases/download/0.9.2/cargo-about-0.9.2-x86_64-pc-windows-msvc.tar.gz"
url_api = "https://api.github.com/repos/EmbarkStudios/cargo-about/releases/assets/519591745"

[[tools.cargo-bundle]]
version = "rev:2be2669972dff3ddd4daf89a2cb29d2d06cad7c7"
backend = "cargo:https://github.com/zed-industries/cargo-bundle"
specifiers = ["rev:2be2669972dff3ddd4daf89a2cb29d2d06cad7c7"]

[[tools.dprint]]
version = "0.58.0"
backend = "aqua:dprint/dprint"
specifiers = ["0.58.0"]

[tools.dprint."platforms.linux-arm64"]
checksum = "sha256:f161161399b5ef62b3b68570ea1df24d16687adfbb88c125c8c4355e5780c407"
url = "https://github.com/dprint/dprint/releases/download/0.58.0/dprint-aarch64-unknown-linux-gnu.zip"
url_api = "https://api.github.com/repos/dprint/dprint/releases/assets/598660523"
provenance = "github-attestations"

[tools.dprint."platforms.linux-arm64-musl"]
checksum = "sha256:c74dd4f48dd9b8d6d595acfb238dd32ede67bdf792e8c6e2b8760cdaff9d80fb"
url = "https://github.com/dprint/dprint/releases/download/0.58.0/dprint-aarch64-unknown-linux-musl.zip"
url_api = "https://api.github.com/repos/dprint/dprint/releases/assets/598660520"
provenance = "github-attestations"

[tools.dprint."platforms.linux-x64"]
checksum = "sha256:3047dcabe684fe32868d1959f7fad4ccbc2996a393d639bbb6634668fa08dc49"
url = "https://github.com/dprint/dprint/releases/download/0.58.0/dprint-x86_64-unknown-linux-gnu.zip"
url_api = "https://api.github.com/repos/dprint/dprint/releases/assets/598660522"
provenance = "github-attestations"

[tools.dprint."platforms.linux-x64-musl"]
checksum = "sha256:06c2a239a1214d5f9e76c364cadbd0ffaee710fdb516ca6448b08860364db6e2"
url = "https://github.com/dprint/dprint/releases/download/0.58.0/dprint-x86_64-unknown-linux-musl.zip"
url_api = "https://api.github.com/repos/dprint/dprint/releases/assets/598660530"
provenance = "github-attestations"

[tools.dprint."platforms.macos-arm64"]
checksum = "sha256:06a7ea017e4d7da296f8a44fabb2f3d6ffafa91bbd5fddd4830bdc418bacb46d"
url = "https://github.com/dprint/dprint/releases/download/0.58.0/dprint-aarch64-apple-darwin.zip"
url_api = "https://api.github.com/repos/dprint/dprint/releases/assets/598660526"
provenance = "github-attestations"

[tools.dprint."platforms.macos-x64"]
checksum = "sha256:47e0c48127c9ac306bc66c4af0c3146ef41bd008c5eccc956691c09e2661f077"
url = "https://github.com/dprint/dprint/releases/download/0.58.0/dprint-x86_64-apple-darwin.zip"
url_api = "https://api.github.com/repos/dprint/dprint/releases/assets/598660515"
provenance = "github-attestations"

[tools.dprint."platforms.windows-x64"]
checksum = "sha256:6ab827fba525918670ff666edb5fc50917157c803c9abdc463131f75b5df0840"
url = "https://github.com/dprint/dprint/releases/download/0.58.0/dprint-x86_64-pc-windows-msvc.zip"
url_api = "https://api.github.com/repos/dprint/dprint/releases/assets/598660521"
provenance = "github-attestations"

[[tools.llvm]]
version = "23.1.2"
backend = "github:llvm/llvm-project"
specifiers = ["23.1.2"]

[tools.llvm.options]
matching = "LLVM-"
version_prefix = "llvmorg-"

[tools.llvm."platforms.linux-arm64"]
checksum = "sha256:143308c82f8e21707be7fdc135d5e0ddd9a46a377ca9f38befc716fd842cb59b"
url = "https://github.com/llvm/llvm-project/releases/download/llvmorg-23.1.2/LLVM-23.1.2-Linux-ARM64.tar.zst"
url_api = "https://api.github.com/repos/llvm/llvm-project/releases/assets/581136346"
provenance = "github-attestations"

[tools.llvm."platforms.linux-arm64-musl"]
checksum = "sha256:143308c82f8e21707be7fdc135d5e0ddd9a46a377ca9f38befc716fd842cb59b"
url = "https://github.com/llvm/llvm-project/releases/download/llvmorg-23.1.2/LLVM-23.1.2-Linux-ARM64.tar.zst"
url_api = "https://api.github.com/repos/llvm/llvm-project/releases/assets/581136346"
provenance = "github-attestations"

[tools.llvm."platforms.linux-x64"]
checksum = "sha256:6382de1c1a210ce5a5cc49d18bc8444d137742e7cbf9b19f4ae602bb1ab52534"
url = "https://github.com/llvm/llvm-project/releases/download/llvmorg-23.1.2/LLVM-23.1.2-Linux-X64.tar.zst"
url_api = "https://api.github.com/repos/llvm/llvm-project/releases/assets/581044305"
provenance = "github-attestations"

[tools.llvm."platforms.linux-x64-musl"]
checksum = "sha256:6382de1c1a210ce5a5cc49d18bc8444d137742e7cbf9b19f4ae602bb1ab52534"
url = "https://github.com/llvm/llvm-project/releases/download/llvmorg-23.1.2/LLVM-23.1.2-Linux-X64.tar.zst"
url_api = "https://api.github.com/repos/llvm/llvm-project/releases/assets/581044305"
provenance = "github-attestations"

[tools.llvm."platforms.macos-arm64"]
checksum = "sha256:3da0e91b5dfe3a5ec795ad2be79b3f5e6f28c8b23edcd3847fad7742b25e0507"
url = "https://github.com/llvm/llvm-project/releases/download/llvmorg-23.1.2/LLVM-23.1.2-macOS-ARM64.tar.zst"
url_api = "https://api.github.com/repos/llvm/llvm-project/releases/assets/581171424"
provenance = "github-attestations"

[[tools.nextest]]
version = "0.9.146"
backend = "github:nextest-rs/nextest"
specifiers = ["0.9.146"]

[tools.nextest.options]
version_prefix = "cargo-nextest-"

[tools.nextest."platforms.linux-arm64"]
checksum = "sha256:b2e33d7c72de7ade0ff7b3a948ac37516b24f8a836b7a8870c1f634a94be9de9"
url = "https://github.com/nextest-rs/nextest/releases/download/cargo-nextest-0.9.146/cargo-nextest-0.9.146-aarch64-unknown-linux-gnu.tar.gz"
url_api = "https://api.github.com/repos/nextest-rs/nextest/releases/assets/579608024"
provenance = "github-attestations"

[tools.nextest."platforms.linux-arm64-musl"]
checksum = "sha256:62ae8b4ad034704f67417f8ed8b897566d82359ab44952729b925fb37eeb7622"
url = "https://github.com/nextest-rs/nextest/releases/download/cargo-nextest-0.9.146/cargo-nextest-0.9.146-aarch64-unknown-linux-musl.tar.gz"
url_api = "https://api.github.com/repos/nextest-rs/nextest/releases/assets/579610797"
provenance = "github-attestations"

[tools.nextest."platforms.linux-x64"]
checksum = "sha256:682c21b777c333e96fd532e114d3a5a894e0729ab88d94c0a9f20f8419695428"
url = "https://github.com/nextest-rs/nextest/releases/download/cargo-nextest-0.9.146/cargo-nextest-0.9.146-x86_64-unknown-linux-gnu.tar.gz"
url_api = "https://api.github.com/repos/nextest-rs/nextest/releases/assets/579609342"
provenance = "github-attestations"

[tools.nextest."platforms.linux-x64-musl"]
checksum = "sha256:b64617e8640624e8f9ba99819e37d7971154e97836d7ae4774fed4715501a6aa"
url = "https://github.com/nextest-rs/nextest/releases/download/cargo-nextest-0.9.146/cargo-nextest-0.9.146-x86_64-unknown-linux-musl.tar.gz"
url_api = "https://api.github.com/repos/nextest-rs/nextest/releases/assets/579610024"
provenance = "github-attestations"

[tools.nextest."platforms.macos-arm64"]
checksum = "sha256:39785160b3c2f6ed9a765049cf4fa79f3b39aa02eb7598a5a0e2a1a0b9ffb9a8"
url = "https://github.com/nextest-rs/nextest/releases/download/cargo-nextest-0.9.146/cargo-nextest-0.9.146-universal-apple-darwin.tar.gz"
url_api = "https://api.github.com/repos/nextest-rs/nextest/releases/assets/579630774"
provenance = "github-attestations"

[tools.nextest."platforms.macos-x64"]
checksum = "sha256:39785160b3c2f6ed9a765049cf4fa79f3b39aa02eb7598a5a0e2a1a0b9ffb9a8"
url = "https://github.com/nextest-rs/nextest/releases/download/cargo-nextest-0.9.146/cargo-nextest-0.9.146-universal-apple-darwin.tar.gz"
url_api = "https://api.github.com/repos/nextest-rs/nextest/releases/assets/579630774"
provenance = "github-attestations"

[tools.nextest."platforms.windows-x64"]
checksum = "sha256:0fa689815c8157e4633225b6b173184b3d546eb6ffb754c3d0e6ea5973284a20"
url = "https://github.com/nextest-rs/nextest/releases/download/cargo-nextest-0.9.146/cargo-nextest-0.9.146-x86_64-pc-windows-msvc.zip"
url_api = "https://api.github.com/repos/nextest-rs/nextest/releases/assets/579617054"
provenance = "github-attestations"

[[tools.node]]
version = "24.21.0"
backend = "core:node"
specifiers = ["24"]

[tools.node."platforms.linux-arm64"]
checksum = "sha256:724282c3b43aec998aa9527380465b45d229e021b58035f5f4f63095eabfe5d5"
url = "https://nodejs.org/dist/v24.21.0/node-v24.21.0-linux-arm64.tar.gz"

[tools.node."platforms.linux-arm64-musl"]
checksum = "sha256:3048b0811e158ca0d8672b59c839861763e144492980d8d29b369dfee45747e4"
url = "https://unofficial-builds.nodejs.org/download/release/v24.21.0/node-v24.21.0-linux-arm64-musl.tar.gz"

[tools.node."platforms.linux-x64"]
checksum = "sha256:6e1db87ef58b8819e5d5402eff1536491b18edd8eb7bee5ef7897876e88dc5ff"
url = "https://nodejs.org/dist/v24.21.0/node-v24.21.0-linux-x64.tar.gz"

[tools.node."platforms.linux-x64-musl"]
checksum = "sha256:01a713e34da98e7b4d2a3191ee7ca3f93dd0384d1a2ef23c379b2161ee6e133a"
url = "https://unofficial-builds.nodejs.org/download/release/v24.21.0/node-v24.21.0-linux-x64-musl.tar.gz"

[tools.node."platforms.macos-arm64"]
checksum = "sha256:bed7eea5325e1108f32ce5228ddd6a5f0f08a499ee42aa7442aea583702f6057"
url = "https://nodejs.org/dist/v24.21.0/node-v24.21.0-darwin-arm64.tar.gz"

[tools.node."platforms.macos-x64"]
checksum = "sha256:1462cb3b3046b815cf8ea436d3da450ec1a9f11dac7e5a46b0ada5305d7e8097"
url = "https://nodejs.org/dist/v24.21.0/node-v24.21.0-darwin-x64.tar.gz"

[tools.node."platforms.windows-x64"]
checksum = "sha256:158f7685b44de51f6c0df1d153526cbcd3e1bc739a8dfc607721cef75de9e541"
url = "https://nodejs.org/dist/v24.21.0/node-v24.21.0-win-x64.zip"

[[tools.python]]
version = "3.14.8"
backend = "core:python"
specifiers = ["3.14"]

[tools.python."platforms.linux-arm64"]
checksum = "sha256:ece2bf3d4b47c80c2403c5f32fa51a9458abaee93c10def8acafb5f45163e77d"
url = "https://github.com/astral-sh/python-build-standalone/releases/download/20261003/cpython-3.14.8+20261003-aarch64-unknown-linux-gnu-install_only_stripped.tar.gz"
provenance = "github-attestations"

[tools.python."platforms.linux-arm64-musl"]
checksum = "sha256:03267c0737a0a54572024a935579ffce26ebb5ba8a5089645ddae29d97ac6312"
url = "https://github.com/astral-sh/python-build-standalone/releases/download/20261003/cpython-3.14.8+20261003-aarch64-unknown-linux-musl-install_only_stripped.tar.gz"
provenance = "github-attestations"

[tools.python."platforms.linux-x64"]
checksum = "sha256:d9ec7a6935ade8b671a57ebaf111083d7314eab8dae5071d167054dadd2b97d6"
url = "https://github.com/astral-sh/python-build-standalone/releases/download/20261003/cpython-3.14.8+20261003-x86_64-unknown-linux-gnu-install_only_stripped.tar.gz"
provenance = "github-attestations"

[tools.python."platforms.linux-x64-musl"]
checksum = "sha256:c1a91a426d70208a478c1b73c1348955a702de2da0308de89672c1f3972eaa70"
url = "https://github.com/astral-sh/python-build-standalone/releases/download/20261003/cpython-3.14.8+20261003-x86_64-unknown-linux-musl-install_only_stripped.tar.gz"
provenance = "github-attestations"

[tools.python."platforms.macos-arm64"]
checksum = "sha256:ed14e9042f36c0aa18383f5d9729bcbf17847e842666a793b5a5a5d8505c0ca1"
url = "https://github.com/astral-sh/python-build-standalone/releases/download/20261003/cpython-3.14.8+20261003-aarch64-apple-darwin-install_only_stripped.tar.gz"
provenance = "github-attestations"

[tools.python."platforms.macos-x64"]
checksum = "sha256:08310045a2611bad730d7c1a01e847a1ea729d9dcfe29110ca67cbdf3998bb54"
url = "https://github.com/astral-sh/python-build-standalone/releases/download/20261003/cpython-3.14.8+20261003-x86_64-apple-darwin-install_only_stripped.tar.gz"
provenance = "github-attestations"

[tools.python."platforms.windows-x64"]
checksum = "sha256:10e5705e44938ee78de35c62b30fdfe2945b53438343d04c0f53548cdd8e91b6"
url = "https://github.com/astral-sh/python-build-standalone/releases/download/20261003/cpython-3.14.8+20261003-x86_64-pc-windows-msvc-install_only_stripped.tar.gz"
provenance = "github-attestations"

[[tools.rust]]
version = "1.98.1"
backend = "core:rust"
specifiers = ["1.98.1"]

[tools.rust.options]
components = "clippy,rust-analyzer,rust-src,rustfmt"
profile = "minimal"
targets = "wasm32-unknown-unknown,wasm32-wasip2,x86_64-unknown-linux-musl"

[[tools.tombi]]
version = "1.5.10"
backend = "github:tombi-toml/tombi"
specifiers = ["1.5.10"]

[tools.tombi."platforms.linux-arm64"]
checksum = "sha256:055099d86273cffa12a36460dc43e9c23502313d43892e0f835b919ee6fdf77c"
url = "https://github.com/tombi-toml/tombi/releases/download/v1.5.10/tombi-cli-1.5.10-aarch64-unknown-linux-musl.tar.gz"
url_api = "https://api.github.com/repos/tombi-toml/tombi/releases/assets/599243074"
provenance = "github-attestations"

[tools.tombi."platforms.linux-arm64-musl"]
checksum = "sha256:055099d86273cffa12a36460dc43e9c23502313d43892e0f835b919ee6fdf77c"
url = "https://github.com/tombi-toml/tombi/releases/download/v1.5.10/tombi-cli-1.5.10-aarch64-unknown-linux-musl.tar.gz"
url_api = "https://api.github.com/repos/tombi-toml/tombi/releases/assets/599243074"
provenance = "github-attestations"

[tools.tombi."platforms.linux-x64"]
checksum = "sha256:53f3a910a673eb05482cc720e3c1bb197b94f43496363394cffe22cab7a12222"
url = "https://github.com/tombi-toml/tombi/releases/download/v1.5.10/tombi-cli-1.5.10-x86_64-unknown-linux-musl.tar.gz"
url_api = "https://api.github.com/repos/tombi-toml/tombi/releases/assets/599243139"
provenance = "github-attestations"

[tools.tombi."platforms.linux-x64-musl"]
checksum = "sha256:53f3a910a673eb05482cc720e3c1bb197b94f43496363394cffe22cab7a12222"
url = "https://github.com/tombi-toml/tombi/releases/download/v1.5.10/tombi-cli-1.5.10-x86_64-unknown-linux-musl.tar.gz"
url_api = "https://api.github.com/repos/tombi-toml/tombi/releases/assets/599243139"
provenance = "github-attestations"

[tools.tombi."platforms.macos-arm64"]
checksum = "sha256:3d860107751adc7d14e72d1924425227daecde5ef83be6b1b00ebdf50a81eb08"
url = "https://github.com/tombi-toml/tombi/releases/download/v1.5.10/tombi-cli-1.5.10-aarch64-apple-darwin.tar.gz"
url_api = "https://api.github.com/repos/tombi-toml/tombi/releases/assets/599243075"
provenance = "github-attestations"

[tools.tombi."platforms.macos-x64"]
checksum = "sha256:ec0e0bfec103ac9136d3ac3a1cfe9e814ad7b52af4dd425a01b2fa0425a8d515"
url = "https://github.com/tombi-toml/tombi/releases/download/v1.5.10/tombi-cli-1.5.10-x86_64-apple-darwin.tar.gz"
url_api = "https://api.github.com/repos/tombi-toml/tombi/releases/assets/599243073"
provenance = "github-attestations"

[tools.tombi."platforms.windows-x64"]
checksum = "sha256:769695f5b49048450c6775135ec40b33bf1d50b1d0dbcacded46aade4b526941"
url = "https://github.com/tombi-toml/tombi/releases/download/v1.5.10/tombi-cli-1.5.10-x86_64-pc-windows-msvc.zip"
url_api = "https://api.github.com/repos/tombi-toml/tombi/releases/assets/599243132"
provenance = "github-attestations"

[[tools.uv]]
version = "0.12.23"
backend = "aqua:astral-sh/uv"
specifiers = ["0.12"]

[tools.uv."platforms.linux-arm64"]
checksum = "sha256:6524bd338177ed50d035d39354e12545e993bbeba2ecbddf0480c5b3a81d313f"
url = "https://github.com/astral-sh/uv/releases/download/0.12.23/uv-aarch64-unknown-linux-gnu.tar.gz"
url_api = "https://api.github.com/repos/astral-sh/uv/releases/assets/608232491"
provenance = "github-attestations"

[tools.uv."platforms.linux-arm64-musl"]
checksum = "sha256:b536543cc4d50661986b165c76ee8aa9056e4fa332edcd153ff2e98760f9359b"
url = "https://github.com/astral-sh/uv/releases/download/0.12.23/uv-aarch64-unknown-linux-musl.tar.gz"
url_api = "https://api.github.com/repos/astral-sh/uv/releases/assets/608232500"
provenance = "github-attestations"

[tools.uv."platforms.linux-x64"]
checksum = "sha256:9167d72b3319674b6303c4cbe071854bba13ebdf3d76b1a7cbdc175471fb66d6"
url = "https://github.com/astral-sh/uv/releases/download/0.12.23/uv-x86_64-unknown-linux-gnu.tar.gz"
url_api = "https://api.github.com/repos/astral-sh/uv/releases/assets/608232628"
provenance = "github-attestations"

[tools.uv."platforms.linux-x64-musl"]
checksum = "sha256:1cff8783850e794470aadb73f54b749542a511fc57b0ce6468b64bd3852e0ade"
url = "https://github.com/astral-sh/uv/releases/download/0.12.23/uv-x86_64-unknown-linux-musl.tar.gz"
url_api = "https://api.github.com/repos/astral-sh/uv/releases/assets/608232639"
provenance = "github-attestations"

[tools.uv."platforms.macos-arm64"]
checksum = "sha256:50487ae565ccd96e499056b4674d438f4c53170202617b4c759defe0c6a1b544"
url = "https://github.com/astral-sh/uv/releases/download/0.12.23/uv-aarch64-apple-darwin.tar.gz"
url_api = "https://api.github.com/repos/astral-sh/uv/releases/assets/608232483"
provenance = "github-attestations"

[tools.uv."platforms.macos-x64"]
checksum = "sha256:960da44cb4b73685206ddd250b19e0a117fa41095710c1038f081f5cb613efb4"
url = "https://github.com/astral-sh/uv/releases/download/0.12.23/uv-x86_64-apple-darwin.tar.gz"
url_api = "https://api.github.com/repos/astral-sh/uv/releases/assets/608232607"
provenance = "github-attestations"

[tools.uv."platforms.windows-x64"]
checksum = "sha256:75d05de6762778c31ee183398de7dd15093fad0ed90b1f236d8205ea5ec00c90"
url = "https://github.com/astral-sh/uv/releases/download/0.12.23/uv-x86_64-pc-windows-msvc.zip"
url_api = "https://api.github.com/repos/astral-sh/uv/releases/assets/608232617"
provenance = "github-attestations"

[[tools.wasi-sdk]]
version = "34"
backend = "github:WebAssembly/wasi-sdk"
specifiers = ["34"]

[tools.wasi-sdk.options]
version_prefix = "wasi-sdk-"

[tools.wasi-sdk."platforms.linux-arm64"]
checksum = "sha256:f7e243dff54d60bcc576e94d6166b69f410f2500ae4a9ceef34315be10e77971"
url = "https://github.com/WebAssembly/wasi-sdk/releases/download/wasi-sdk-34/wasi-sdk-34.0-arm64-linux.tar.gz"
url_api = "https://api.github.com/repos/WebAssembly/wasi-sdk/releases/assets/528366381"

[tools.wasi-sdk."platforms.linux-arm64-musl"]
checksum = "sha256:f7e243dff54d60bcc576e94d6166b69f410f2500ae4a9ceef34315be10e77971"
url = "https://github.com/WebAssembly/wasi-sdk/releases/download/wasi-sdk-34/wasi-sdk-34.0-arm64-linux.tar.gz"
url_api = "https://api.github.com/repos/WebAssembly/wasi-sdk/releases/assets/528366381"

[tools.wasi-sdk."platforms.linux-x64"]
checksum = "sha256:b761e3a0721dbae9c09a0059e5fdb2bf917d1b4a8a7b430fb3b5aafb0984b2c4"
url = "https://github.com/WebAssembly/wasi-sdk/releases/download/wasi-sdk-34/wasi-sdk-34.0-x86_64-linux.tar.gz"
url_api = "https://api.github.com/repos/WebAssembly/wasi-sdk/releases/assets/528366474"

[tools.wasi-sdk."platforms.linux-x64-musl"]
checksum = "sha256:b761e3a0721dbae9c09a0059e5fdb2bf917d1b4a8a7b430fb3b5aafb0984b2c4"
url = "https://github.com/WebAssembly/wasi-sdk/releases/download/wasi-sdk-34/wasi-sdk-34.0-x86_64-linux.tar.gz"
url_api = "https://api.github.com/repos/WebAssembly/wasi-sdk/releases/assets/528366474"

[tools.wasi-sdk."platforms.macos-arm64"]
checksum = "sha256:9c59398106b417f8f14913380fdf0097a8cc0ff4af9eb3ce0065a859e88d49e9"
url = "https://github.com/WebAssembly/wasi-sdk/releases/download/wasi-sdk-34/wasi-sdk-34.0-arm64-macos.tar.gz"
url_api = "https://api.github.com/repos/WebAssembly/wasi-sdk/releases/assets/528366387"

[tools.wasi-sdk."platforms.macos-x64"]
checksum = "sha256:87d27fa8adc68dee59bfbf2e22a6d34ef717c34d6bf1d8af2a56fc929d9ce0eb"
url = "https://github.com/WebAssembly/wasi-sdk/releases/download/wasi-sdk-34/wasi-sdk-34.0-x86_64-macos.tar.gz"
url_api = "https://api.github.com/repos/WebAssembly/wasi-sdk/releases/assets/528366482"

[tools.wasi-sdk."platforms.windows-x64"]
checksum = "sha256:cccb5c323a9b34f0349a9b09e8804a0a7632c68c3310f4b5f437ed57d7e71d8f"
url = "https://github.com/WebAssembly/wasi-sdk/releases/download/wasi-sdk-34/wasi-sdk-34.0-x86_64-windows.tar.gz"
url_api = "https://api.github.com/repos/WebAssembly/wasi-sdk/releases/assets/528366541"
